// !$*UTF8*$!
{
	archiveVersion = 1;
	classes = {
	};
	objectVersion = 46;
	objects = {

/* Begin PBXBuildFile section */
		014655F71E760F8600BAB2F8 /* AppDelegate.swift in Sources */ = {isa = PBXBuildFile; fileRef = 014655F61E760F8600BAB2F8 /* AppDelegate.swift */; };
		014655F91E760F8600BAB2F8 /* ViewController.swift in Sources */ = {isa = PBXBuildFile; fileRef = 014655F81E760F8600BAB2F8 /* ViewController.swift */; };
		014655FC1E760F8600BAB2F8 /* Main.storyboard in Resources */ = {isa = PBXBuildFile; fileRef = 014655FA1E760F8600BAB2F8 /* Main.storyboard */; };
		014655FE1E760F8600BAB2F8 /* Assets.xcassets in Resources */ = {isa = PBXBuildFile; fileRef = 014655FD1E760F8600BAB2F8 /* Assets.xcassets */; };
		014656011E760F8600BAB2F8 /* LaunchScreen.storyboard in Resources */ = {isa = PBXBuildFile; fileRef = 014655FF1E760F8600BAB2F8 /* LaunchScreen.storyboard */; };
		0146560C1E760F8600BAB2F8 /* git_fun2Tests.swift in Sources */ = {isa = PBXBuildFile; fileRef = 0146560B1E760F8600BAB2F8 /* git_fun2Tests.swift */; };
		014656171E760F8600BAB2F8 /* git_fun2UITests.swift in Sources */ = {isa = PBXBuildFile; fileRef = 014656161E760F8600BAB2F8 /* git_fun2UITests.swift */; };
/* End PBXBuildFile section */

/* Begin PBXContainerItemProxy section */
		014656081E760F8600BAB2F8 /* PBXContainerItemProxy */ = {
			isa = PBXContainerItemProxy;
			containerPortal = 014655EB1E760F8600BAB2F8 /* Project object */;
			proxyType = 1;
			remoteGlobalIDString = 014655F21E760F8600BAB2F8;
			remoteInfo = "git-fun2";
		};
		014656131E760F8600BAB2F8 /* PBXContainerItemProxy */ = {
			isa = PBXContainerItemProxy;
			containerPortal = 014655EB1E760F8600BAB2F8 /* Project object */;
			proxyType = 1;
			remoteGlobalIDString = 014655F21E760F8600BAB2F8;
			remoteInfo = "git-fun2";
		};
/* End PBXContainerItemProxy section */

/* Begin PBXFileReference section */
		014655F31E760F8600BAB2F8 /* git-fun2.app */ = {isa = PBXFileReference; explicitFileType = wrapper.application; includeInIndex = 0; path = "git-fun2.app"; sourceTree = BUILT_PRODUCTS_DIR; };
		014655F61E760F8600BAB2F8 /* AppDelegate.swift */ = {isa = PBXFileReference; lastKnownFileType = sourcecode.swift; path = AppDelegate.swift; sourceTree = "<group>"; };
		014655F81E760F8600BAB2F8 /* ViewController.swift */ = {isa = PBXFileReference; lastKnownFileType = sourcecode.swift; path = ViewController.swift; sourceTree = "<group>"; };
		014655FB1E760F8600BAB2F8 /* Base */ = {isa = PBXFileReference; lastKnownFileType = file.storyboard; name = Base; path = Base.lproj/Main.storyboard; sourceTree = "<group>"; };
		014655FD1E760F8600BAB2F8 /* Assets.xcassets */ = {isa = PBXFileReference; lastKnownFileType = folder.assetcatalog; path = Assets.xcassets; sourceTree = "<group>"; };
		014656001E760F8600BAB2F8 /* Base */ = {isa = PBXFileReference; lastKnownFileType = file.storyboard; name = Base; path = Base.lproj/LaunchScreen.storyboard; sourceTree = "<group>"; };
		014656021E760F8600BAB2F8 /* Info.plist */ = {isa = PBXFileReference; lastKnownFileType = text.plist.xml; path = Info.plist; sourceTree = "<group>"; };
		014656071E760F8600BAB2F8 /* git-fun2Tests.xctest */ = {isa = PBXFileReference; explicitFileType = wrapper.cfbundle; includeInIndex = 0; path = "git-fun2Tests.xctest"; sourceTree = BUILT_PRODUCTS_DIR; };
		0146560B1E760F8600BAB2F8 /* git_fun2Tests.swift */ = {isa = PBXFileReference; lastKnownFileType = sourcecode.swift; path = git_fun2Tests.swift; sourceTree = "<group>"; };
		0146560D1E760F8600BAB2F8 /* Info.plist */ = {isa = PBXFileReference; lastKnownFileType = text.plist.xml; path = Info.plist; sourceTree = "<group>"; };
		014656121E760F8600BAB2F8 /* git-fun2UITests.xctest */ = {isa = PBXFileReference; explicitFileType = wrapper.cfbundle; includeInIndex = 0; path = "git-fun2UITests.xctest"; sourceTree = BUILT_PRODUCTS_DIR; };
		014656161E760F8600BAB2F8 /* git_fun2UITests.swift */ = {isa = PBXFileReference; lastKnownFileType = sourcecode.swift; path = git_fun2UITests.swift; sourceTree = "<group>"; };
		014656181E760F8600BAB2F8 /* Info.plist */ = {isa = PBXFileReference; lastKnownFileType = text.plist.xml; path = Info.plist; sourceTree = "<group>"; };
/* End PBXFileReference section */

/* Begin PBXFrameworksBuildPhase section */
		014655F01E760F8600BAB2F8 /* Frameworks */ = {
			isa = PBXFrameworksBuildPhase;
			buildActionMask = 2147483647;
			files = (
			);
			runOnlyForDeploymentPostprocessing = 0;
		};
		014656041E760F8600BAB2F8 /* Frameworks */ = {
			isa = PBXFrameworksBuildPhase;
			buildActionMask = 2147483647;
			files = (
			);
			runOnlyForDeploymentPostprocessing = 0;
		};
		0146560F1E760F8600BAB2F8 /* Frameworks */ = {
			isa = PBXFrameworksBuildPhase;
			buildActionMask = 2147483647;
			files = (
			);
			runOnlyForDeploymentPostprocessing = 0;
		};
/* End PBXFrameworksBuildPhase section */

/* Begin PBXGroup section */
		014655EA1E760F8600BAB2F8 = {
			isa = PBXGroup;
			children = (
				014655F51E760F8600BAB2F8 /* git-fun2 */,
				0146560A1E760F8600BAB2F8 /* git-fun2Tests */,
				014656151E760F8600BAB2F8 /* git-fun2UITests */,
				014655F41E760F8600BAB2F8 /* Products */,
			);
			sourceTree = "<group>";
		};
		014655F41E760F8600BAB2F8 /* Products */ = {
			isa = PBXGroup;
			children = (
				014655F31E760F8600BAB2F8 /* git-fun2.app */,
				014656071E760F8600BAB2F8 /* git-fun2Tests.xctest */,
				014656121E760F8600BAB2F8 /* git-fun2UITests.xctest */,
			);
			name = Products;
			sourceTree = "<group>";
		};
		014655F51E760F8600BAB2F8 /* git-fun2 */ = {
			isa = PBXGroup;
			children = (
				014655F61E760F8600BAB2F8 /* AppDelegate.swift */,
				014655F81E760F8600BAB2F8 /* ViewController.swift */,
				014655FA1E760F8600BAB2F8 /* Main.storyboard */,
				014655FD1E760F8600BAB2F8 /* Assets.xcassets */,
				014655FF1E760F8600BAB2F8 /* LaunchScreen.storyboard */,
				014656021E760F8600BAB2F8 /* Info.plist */,
			);
			path = "git-fun2";
			sourceTree = "<group>";
		};
		0146560A1E760F8600BAB2F8 /* git-fun2Tests */ = {
			isa = PBXGroup;
			children = (
				0146560B1E760F8600BAB2F8 /* git_fun2Tests.swift */,
				0146560D1E760F8600BAB2F8 /* Info.plist */,
			);
			path = "git-fun2Tests";
			sourceTree = "<group>";
		};
		014656151E760F8600BAB2F8 /* git-fun2UITests */ = {
			isa = PBXGroup;
			children = (
				014656161E760F8600BAB2F8 /* git_fun2UITests.swift */,
				014656181E760F8600BAB2F8 /* Info.plist */,
			);
			path = "git-fun2UITests";
			sourceTree = "<group>";
		};
/* End PBXGroup section */

/* Begin PBXNativeTarget section */
		014655F21E760F8600BAB2F8 /* git-fun2 */ = {
			isa = PBXNativeTarget;
			buildConfigurationList = 0146561B1E760F8600BAB2F8 /* Build configuration list for PBXNativeTarget "git-fun2" */;
			buildPhases = (
				014655EF1E760F8600BAB2F8 /* Sources */,
				014655F01E760F8600BAB2F8 /* Frameworks */,
				014655F11E760F8600BAB2F8 /* Resources */,
			);
			buildRules = (
			);
			dependencies = (
			);
			name = "git-fun2";
			productName = "git-fun2";
			productReference = 014655F31E760F8600BAB2F8 /* git-fun2.app */;
			productType = "com.apple.product-type.application";
		};
		014656061E760F8600BAB2F8 /* git-fun2Tests */ = {
			isa = PBXNativeTarget;
			buildConfigurationList = 0146561E1E760F8600BAB2F8 /* Build configuration list for PBXNativeTarget "git-fun2Tests" */;
			buildPhases = (
				014656031E760F8600BAB2F8 /* Sources */,
				014656041E760F8600BAB2F8 /* Frameworks */,
				014656051E760F8600BAB2F8 /* Resources */,
			);
			buildRules = (
			);
			dependencies = (
				014656091E760F8600BAB2F8 /* PBXTargetDependency */,
			);
			name = "git-fun2Tests";
			productName = "git-fun2Tests";
			productReference = 014656071E760F8600BAB2F8 /* git-fun2Tests.xctest */;
			productType = "com.apple.product-type.bundle.unit-test";
		};
		014656111E760F8600BAB2F8 /* git-fun2UITests */ = {
			isa = PBXNativeTarget;
			buildConfigurationList = 014656211E760F8600BAB2F8 /* Build configuration list for PBXNativeTarget "git-fun2UITests" */;
			buildPhases = (
				0146560E1E760F8600BAB2F8 /* Sources */,
				0146560F1E760F8600BAB2F8 /* Frameworks */,
				014656101E760F8600BAB2F8 /* Resources */,
			);
			buildRules = (
			);
			dependencies = (
				014656141E760F8600BAB2F8 /* PBXTargetDependency */,
			);
			name = "git-fun2UITests";
			productName = "git-fun2UITests";
			productReference = 014656121E760F8600BAB2F8 /* git-fun2UITests.xctest */;
			productType = "com.apple.product-type.bundle.ui-testing";
		};
/* End PBXNativeTarget section */

/* Begin PBXProject section */
		014655EB1E760F8600BAB2F8 /* Project object */ = {
			isa = PBXProject;
			attributes = {
				LastSwiftUpdateCheck = 0820;
				LastUpgradeCheck = 0820;
				ORGANIZATIONNAME = "Nick Birch";
				TargetAttributes = {
					014655F21E760F8600BAB2F8 = {
						CreatedOnToolsVersion = 8.2.1;
						DevelopmentTeam = 2A8MCQ4GL6;
						ProvisioningStyle = Automatic;
					};
					014656061E760F8600BAB2F8 = {
						CreatedOnToolsVersion = 8.2.1;
						DevelopmentTeam = 2A8MCQ4GL6;
						ProvisioningStyle = Automatic;
						TestTargetID = 014655F21E760F8600BAB2F8;
					};
					014656111E760F8600BAB2F8 = {
						CreatedOnToolsVersion = 8.2.1;
						DevelopmentTeam = 2A8MCQ4GL6;
						ProvisioningStyle = Automatic;
						TestTargetID = 014655F21E760F8600BAB2F8;
					};
				};
			};
			buildConfigurationList = 014655EE1E760F8600BAB2F8 /* Build configuration list for PBXProject "git-fun2" */;
			compatibilityVersion = "Xcode 3.2";
			developmentRegion = English;
			hasScannedForEncodings = 0;
			knownRegions = (
				en,
				Base,
			);
			mainGroup = 014655EA1E760F8600BAB2F8;
			productRefGroup = 014655F41E760F8600BAB2F8 /* Products */;
			projectDirPath = "";
			projectRoot = "";
			targets = (
				014655F21E760F8600BAB2F8 /* git-fun2 */,
				014656061E760F8600BAB2F8 /* git-fun2Tests */,
				014656111E760F8600BAB2F8 /* git-fun2UITests */,
			);
		};
/* End PBXProject section */

/* Begin PBXResourcesBuildPhase section */
		014655F11E760F8600BAB2F8 /* Resources */ = {
			isa = PBXResourcesBuildPhase;
			buildActionMask = 2147483647;
			files = (
				014656011E760F8600BAB2F8 /* LaunchScreen.storyboard in Resources */,
				014655FE1E760F8600BAB2F8 /* Assets.xcassets in Resources */,
				014655FC1E760F8600BAB2F8 /* Main.storyboard in Resources */,
			);
			runOnlyForDeploymentPostprocessing = 0;
		};
		014656051E760F8600BAB2F8 /* Resources */ = {
			isa = PBXResourcesBuildPhase;
			buildActionMask = 2147483647;
			files = (
			);
			runOnlyForDeploymentPostprocessing = 0;
		};
		014656101E760F8600BAB2F8 /* Resources */ = {
			isa = PBXResourcesBuildPhase;
			buildActionMask = 2147483647;
			files = (
			);
			runOnlyForDeploymentPostprocessing = 0;
		};
/* End PBXResourcesBuildPhase section */

/* Begin PBXSourcesBuildPhase section */
		014655EF1E760F8600BAB2F8 /* Sources */ = {
			isa = PBXSourcesBuildPhase;
			buildActionMask = 2147483647;
			files = (
				014655F91E760F8600BAB2F8 /* ViewController.swift in Sources */,
				014655F71E760F8600BAB2F8 /* AppDelegate.swift in Sources */,
			);
			runOnlyForDeploymentPostprocessing = 0;
		};
		014656031E760F8600BAB2F8 /* Sources */ = {
			isa = PBXSourcesBuildPhase;
			buildActionMask = 2147483647;
			files = (
				0146560C1E760F8600BAB2F8 /* git_fun2Tests.swift in Sources */,
			);
			runOnlyForDeploymentPostprocessing = 0;
		};
		0146560E1E760F8600BAB2F8 /* Sources */ = {
			isa = PBXSourcesBuildPhase;
			buildActionMask = 2147483647;
			files = (
				014656171E760F8600BAB2F8 /* git_fun2UITests.swift in Sources */,
			);
			runOnlyForDeploymentPostprocessing = 0;
		};
/* End PBXSourcesBuildPhase section */

/* Begin PBXTargetDependency section */
		014656091E760F8600BAB2F8 /* PBXTargetDependency */ = {
			isa = PBXTargetDependency;
			target = 014655F21E760F8600BAB2F8 /* git-fun2 */;
			targetProxy = 014656081E760F8600BAB2F8 /* PBXContainerItemProxy */;
		};
		014656141E760F8600BAB2F8 /* PBXTargetDependency */ = {
			isa = PBXTargetDependency;
			target = 014655F21E760F8600BAB2F8 /* git-fun2 */;
			targetProxy = 014656131E760F8600BAB2F8 /* PBXContainerItemProxy */;
		};
/* End PBXTargetDependency section */

/* Begin PBXVariantGroup section */
		014655FA1E760F8600BAB2F8 /* Main.storyboard */ = {
			isa = PBXVariantGroup;
			children = (
				014655FB1E760F8600BAB2F8 /* Base */,
			);
			name = Main.storyboard;
			sourceTree = "<group>";
		};
		014655FF1E760F8600BAB2F8 /* LaunchScreen.storyboard */ = {
			isa = PBXVariantGroup;
			children = (
				014656001E760F8600BAB2F8 /* Base */,
			);
			name = LaunchScreen.storyboard;
			sourceTree = "<group>";
		};
/* End PBXVariantGroup section */

/* Begin XCBuildConfiguration section */
		014656191E760F8600BAB2F8 /* Debug */ = {
			isa = XCBuildConfiguration;
			buildSettings = {
				ALWAYS_SEARCH_USER_PATHS = NO;
				CLANG_ANALYZER_NONNULL = YES;
				CLANG_CXX_LANGUAGE_STANDARD = "gnu++0x";
				CLANG_CXX_LIBRARY = "libc++";
				CLANG_ENABLE_MODULES = YES;
				CLANG_ENABLE_OBJC_ARC = YES;
				CLANG_WARN_BOOL_CONVERSION = YES;
				CLANG_WARN_CONSTANT_CONVERSION = YES;
				CLANG_WARN_DIRECT_OBJC_ISA_USAGE = YES_ERROR;
				CLANG_WARN_DOCUMENTATION_COMMENTS = YES;
				CLANG_WARN_EMPTY_BODY = YES;
				CLANG_WARN_ENUM_CONVERSION = YES;
				CLANG_WARN_INFINITE_RECURSION = YES;
				CLANG_WARN_INT_CONVERSION = YES;
				CLANG_WARN_OBJC_ROOT_CLASS = YES_ERROR;
				CLANG_WARN_SUSPICIOUS_MOVE = YES;
				CLANG_WARN_UNREACHABLE_CODE = YES;
				CLANG_WARN__DUPLICATE_METHOD_MATCH = YES;
				"CODE_SIGN_IDENTITY[sdk=iphoneos*]" = "iPhone Developer";
				COPY_PHASE_STRIP = NO;
				DEBUG_INFORMATION_FORMAT = dwarf;
				ENABLE_STRICT_OBJC_MSGSEND = YES;
				ENABLE_TESTABILITY = YES;
				GCC_C_LANGUAGE_STANDARD = gnu99;
				GCC_DYNAMIC_NO_PIC = NO;
				GCC_NO_COMMON_BLOCKS = YES;
				GCC_OPTIMIZATION_LEVEL = 0;
				GCC_PREPROCESSOR_DEFINITIONS = (
					"DEBUG=1",
					"$(inherited)",
				);
				GCC_WARN_64_TO_32_BIT_CONVERSION = YES;
				GCC_WARN_ABOUT_RETURN_TYPE = YES_ERROR;
				GCC_WARN_UNDECLARED_SELECTOR = YES;
				GCC_WARN_UNINITIALIZED_AUTOS = YES_AGGRESSIVE;
				GCC_WARN_UNUSED_FUNCTION = YES;
				GCC_WARN_UNUSED_VARIABLE = YES;
				IPHONEOS_DEPLOYMENT_TARGET = 10.2;
				MTL_ENABLE_DEBUG_INFO = YES;
				ONLY_ACTIVE_ARCH = YES;
				SDKROOT = iphoneos;
				SWIFT_ACTIVE_COMPILATION_CONDITIONS = DEBUG;
				SWIFT_OPTIMIZATION_LEVEL = "-Onone";
				TARGETED_DEVICE_FAMILY = "1,2";
			};
			name = Debug;
		};
		0146561A1E760F8600BAB2F8 /* Release */ = {
			isa = XCBuildConfiguration;
			buildSettings = {
				ALWAYS_SEARCH_USER_PATHS = NO;
				CLANG_ANALYZER_NONNULL = YES;
				CLANG_CXX_LANGUAGE_STANDARD = "gnu++0x";
				CLANG_CXX_LIBRARY = "libc++";
				CLANG_ENABLE_MODULES = YES;
				CLANG_ENABLE_OBJC_ARC = YES;
				CLANG_WARN_BOOL_CONVERSION = YES;
				CLANG_WARN_CONSTANT_CONVERSION = YES;
				CLANG_WARN_DIRECT_OBJC_ISA_USAGE = YES_ERROR;
				CLANG_WARN_DOCUMENTATION_COMMENTS = YES;
				CLANG_WARN_EMPTY_BODY = YES;
				CLANG_WARN_ENUM_CONVERSION = YES;
				CLANG_WARN_INFINITE_RECURSION = YES;
				CLANG_WARN_INT_CONVERSION = YES;
				CLANG_WARN_OBJC_ROOT_CLASS = YES_ERROR;
				CLANG_WARN_SUSPICIOUS_MOVE = YES;
				CLANG_WARN_UNREACHABLE_CODE = YES;
				CLANG_WARN__DUPLICATE_METHOD_MATCH = YES;
				"CODE_SIGN_IDENTITY[sdk=iphoneos*]" = "iPhone Developer";
				COPY_PHASE_STRIP = NO;
				DEBUG_INFORMATION_FORMAT = "dwarf-with-dsym";
				ENABLE_NS_ASSERTIONS = NO;
				ENABLE_STRICT_OBJC_MSGSEND = YES;
				GCC_C_LANGUAGE_STANDARD = gnu99;
				GCC_NO_COMMON_BLOCKS = YES;
				GCC_WARN_64_TO_32_BIT_CONVERSION = YES;
				GCC_WARN_ABOUT_RETURN_TYPE = YES_ERROR;
				GCC_WARN_UNDECLARED_SELECTOR = YES;
				GCC_WARN_UNINITIALIZED_AUTOS = YES_AGGRESSIVE;
				GCC_WARN_UNUSED_FUNCTION = YES;
				GCC_WARN_UNUSED_VARIABLE = YES;
				IPHONEOS_DEPLOYMENT_TARGET = 10.2;
				MTL_ENABLE_DEBUG_INFO = NO;
				SDKROOT = iphoneos;
				SWIFT_OPTIMIZATION_LEVEL = "-Owholemodule";
				TARGETED_DEVICE_FAMILY = "1,2";
				VALIDATE_PRODUCT = YES;
			};
			name = Release;
		};
		0146561C1E760F8600BAB2F8 /* Debug */ = {
			isa = XCBuildConfiguration;
			buildSettings = {
				ASSETCATALOG_COMPILER_APPICON_NAME = AppIcon;
				DEVELOPMENT_TEAM = 2A8MCQ4GL6;
				INFOPLIST_FILE = "git-fun2/Info.plist";
				LD_RUNPATH_SEARCH_PATHS = "$(inherited) @executable_path/Frameworks";
				PRODUCT_BUNDLE_IDENTIFIER = "com.iotatel.git-fun2";
				PRODUCT_NAME = "$(TARGET_NAME)";
				SWIFT_VERSION = 3.0;
			};
			name = Debug;
		};
		0146561D1E760F8600BAB2F8 /* Release */ = {
			isa = XCBuildConfiguration;
			buildSettings = {
				ASSETCATALOG_COMPILER_APPICON_NAME = AppIcon;
				DEVELOPMENT_TEAM = 2A8MCQ4GL6;
				INFOPLIST_FILE = "git-fun2/Info.plist";
				LD_RUNPATH_SEARCH_PATHS = "$(inherited) @executable_path/Frameworks";
				PRODUCT_BUNDLE_IDENTIFIER = "com.iotatel.git-fun2";
				PRODUCT_NAME = "$(TARGET_NAME)";
				SWIFT_VERSION = 3.0;
			};
			name = Release;
		};
		0146561F1E760F8600BAB2F8 /* Debug */ = {
			isa = XCBuildConfiguration;
			buildSettings = {
				ALWAYS_EMBED_SWIFT_STANDARD_LIBRARIES = YES;
				BUNDLE_LOADER = "$(TEST_HOST)";
				DEVELOPMENT_TEAM = 2A8MCQ4GL6;
				INFOPLIST_FILE = "git-fun2Tests/Info.plist";
				LD_RUNPATH_SEARCH_PATHS = "$(inherited) @executable_path/Frameworks @loader_path/Frameworks";
				PRODUCT_BUNDLE_IDENTIFIER = "com.iotatel.git-fun2Tests";
				PRODUCT_NAME = "$(TARGET_NAME)";
				SWIFT_VERSION = 3.0;
				TEST_HOST = "$(BUILT_PRODUCTS_DIR)/git-fun2.app/git-fun2";
			};
			name = Debug;
		};
		014656201E760F8600BAB2F8 /* Release */ = {
			isa = XCBuildConfiguration;
			buildSettings = {
				ALWAYS_EMBED_SWIFT_STANDARD_LIBRARIES = YES;
				BUNDLE_LOADER = "$(TEST_HOST)";
				DEVELOPMENT_TEAM = 2A8MCQ4GL6;
				INFOPLIST_FILE = "git-fun2Tests/Info.plist";
				LD_RUNPATH_SEARCH_PATHS = "$(inherited) @executable_path/Frameworks @loader_path/Frameworks";
				PRODUCT_BUNDLE_IDENTIFIER = "com.iotatel.git-fun2Tests";
				PRODUCT_NAME = "$(TARGET_NAME)";
				SWIFT_VERSION = 3.0;
				TEST_HOST = "$(BUILT_PRODUCTS_DIR)/git-fun2.app/git-fun2";
			};
			name = Release;
		};
		014656221E760F8600BAB2F8 /* Debug */ = {
			isa = XCBuildConfiguration;
			buildSettings = {
				ALWAYS_EMBED_SWIFT_STANDARD_LIBRARIES = YES;
				DEVELOPMENT_TEAM = 2A8MCQ4GL6;
				INFOPLIST_FILE = "git-fun2UITests/Info.plist";
				LD_RUNPATH_SEARCH_PATHS = "$(inherited) @executable_path/Frameworks @loader_path/Frameworks";
				PRODUCT_BUNDLE_IDENTIFIER = "com.iotatel.git-fun2UITests";
				PRODUCT_NAME = "$(TARGET_NAME)";
				SWIFT_VERSION = 3.0;
				TEST_TARGET_NAME = "git-fun2";
			};
			name = Debug;
		};
		014656231E760F8600BAB2F8 /* Release */ = {
			isa = XCBuildConfiguration;
			buildSettings = {
				ALWAYS_EMBED_SWIFT_STANDARD_LIBRARIES = YES;
				DEVELOPMENT_TEAM = 2A8MCQ4GL6;
				INFOPLIST_FILE = "git-fun2UITests/Info.plist";
				LD_RUNPATH_SEARCH_PATHS = "$(inherited) @executable_path/Frameworks @loader_path/Frameworks";
				PRODUCT_BUNDLE_IDENTIFIER = "com.iotatel.git-fun2UITests";
				PRODUCT_NAME = "$(TARGET_NAME)";
				SWIFT_VERSION = 3.0;
				TEST_TARGET_NAME = "git-fun2";
			};
			name = Release;
		};
/* End XCBuildConfiguration section */

/* Begin XCConfigurationList section */
		014655EE1E760F8600BAB2F8 /* Build configuration list for PBXProject "git-fun2" */ = {
			isa = XCConfigurationList;
			buildConfigurations = (
				014656191E760F8600BAB2F8 /* Debug */,
				0146561A1E760F8600BAB2F8 /* Release */,
			);
			defaultConfigurationIsVisible = 0;
			defaultConfigurationName = Release;
		};
		0146561B1E760F8600BAB2F8 /* Build configuration list for PBXNativeTarget "git-fun2" */ = {
			isa = XCConfigurationList;
			buildConfigurations = (
				0146561C1E760F8600BAB2F8 /* Debug */,
				0146561D1E760F8600BAB2F8 /* Release */,
			);
			defaultConfigurationIsVisible = 0;
		};
		0146561E1E760F8600BAB2F8 /* Build configuration list for PBXNativeTarget "git-fun2Tests" */ = {
			isa = XCConfigurationList;
			buildConfigurations = (
				0146561F1E760F8600BAB2F8 /* Debug */,
				014656201E760F8600BAB2F8 /* Release */,
			);
			defaultConfigurationIsVisible = 0;
		};
		014656211E760F8600BAB2F8 /* Build configuration list for PBXNativeTarget "git-fun2UITests" */ = {
			isa = XCConfigurationList;
			buildConfigurations = (
				014656221E760F8600BAB2F8 /* Debug */,
				014656231E760F8600BAB2F8 /* Release */,
			);
			defaultConfigurationIsVisible = 0;
		};
/* End XCConfigurationList section */
	};
	rootObject = 014655EB1E760F8600BAB2F8 /* Project object */;
}
